PODS:
  - Crashlytics (3.10.0):
    - Fabric (~> 1.7.3)
  - Fabric (1.7.3)
  - SkeletonView (1.0.5)

DEPENDENCIES:
  - Crashlytics
  - Fabric
  - SkeletonView (~> 1.0.4)

SPEC CHECKSUMS:
  Crashlytics: a989ef242b66605577a425733797f810bd2725eb
  Fabric: bb495bb9a7a7677c6d03a1f8b83d95bc49b47e41
  SkeletonView: a601f98b51087aa475f324cc26792b9cd9d46770

PODFILE CHECKSUM: 449c1233cd8c1df52252a2ce7a9633725ae90b49

COCOAPODS: 1.4.0
